
Microsoft Visual Studio Solution File, Format Version 12.00
# Visual Studio Version 17
VisualStudioVersion = 17.3.32811.315
MinimumVisualStudioVersion = 10.0.40219.1
Project("{9A19103F-16F7-4668-BE54-9A1E7A4F7556}") = "ProductCollection", "ProductCollection\ProductCollection.csproj", "{D33D97C9-145A-40DC-B895-788702F2ECF9}"
EndProject
Project("{FAE04EC0-301F-11D3-BF4B-00C04F79EFBC}") = "ProductLibrary", "ProductLibrary\ProductLibrary.csproj", "{71823EC0-EB6E-4DF5-8385-B7F3B5481D77}"
EndProject
Global
	GlobalSection(SolutionConfigurationPlatforms) = preSolution
		Debug|Any CPU = Debug|Any CPU
		Release|Any CPU = Release|Any CPU
	EndGlobalSection
	GlobalSection(ProjectConfigurationPlatforms) = postSolution
		{D33D97C9-145A-40DC-B895-788702F2ECF9}.Debug|Any CPU.ActiveCfg = Debug|Any CPU
		{D33D97C9-145A-40DC-B895-788702F2ECF9}.Debug|Any CPU.Build.0 = Debug|Any CPU
		{D33D97C9-145A-40DC-B895-788702F2ECF9}.Release|Any CPU.ActiveCfg = Release|Any CPU
		{D33D97C9-145A-40DC-B895-788702F2ECF9}.Release|Any CPU.Build.0 = Release|Any CPU
		{71823EC0-EB6E-4DF5-8385-B7F3B5481D77}.Debug|Any CPU.ActiveCfg = Debug|Any CPU
		{71823EC0-EB6E-4DF5-8385-B7F3B5481D77}.Debug|Any CPU.Build.0 = Debug|Any CPU
		{71823EC0-EB6E-4DF5-8385-B7F3B5481D77}.Release|Any CPU.ActiveCfg = Release|Any CPU
		{71823EC0-EB6E-4DF5-8385-B7F3B5481D77}.Release|Any CPU.Build.0 = Release|Any CPU
	EndGlobalSection
	GlobalSection(SolutionProperties) = preSolution
		HideSolutionNode = FALSE
	EndGlobalSection
	GlobalSection(ExtensibilityGlobals) = postSolution
		SolutionGuid = {36B922D6-B26B-4DCB-BCA6-766522B42B0B}
	EndGlobalSection
EndGlobal
